
Microsoft Visual Studio Solution File, Format Version 12.00
# Visual Studio 15
VisualStudioVersion = 15.0.27428.2037
MinimumVisualStudioVersion = 10.0.40219.1
Project("{FAE04EC0-301F-11D3-BF4B-00C04F79EFBC}") = "DicomTransformer", "DicomTransformer\DicomTransformer.csproj", "{AD2A4430-E20F-4E66-A19E-0529222972E6}"
EndProject
Project("{2150E333-8FDC-42A3-9474-1A3956D46DE8}") = "Solution Items", "Solution Items", "{46BF4370-8203-49D0-81EC-19EB3B28827E}"
	ProjectSection(SolutionItems) = preProject
		Sites.xml = Sites.xml
	EndProjectSection
EndProject
Project("{FAE04EC0-301F-11D3-BF4B-00C04F79EFBC}") = "ConfigManager", "ConfigManager\ConfigManager.csproj", "{1814E1C0-3657-4256-BEA9-5BCA050E0DCB}"
EndProject
Project("{FAE04EC0-301F-11D3-BF4B-00C04F79EFBC}") = "Common", "Common\Common.csproj", "{186496CB-DA23-41F0-9BA1-6C130052F8E4}"
EndProject
Project("{FAE04EC0-301F-11D3-BF4B-00C04F79EFBC}") = "DicomSCPService", "DiconSCP\DicomSCPService.csproj", "{4B79DBEA-8368-4590-96DF-A4C96453A3E4}"
EndProject
Project("{54435603-DBB4-11D2-8724-00A0C9A8B90C}") = "DicomTransformerSetup", "DicomTransformerSetup\DicomTransformerSetup.vdproj", "{2F8CC047-6E05-499E-87C7-49BA192667BF}"
EndProject
Global
	GlobalSection(SolutionConfigurationPlatforms) = preSolution
		Debug|Any CPU = Debug|Any CPU
		Release|Any CPU = Release|Any CPU
	EndGlobalSection
	GlobalSection(ProjectConfigurationPlatforms) = postSolution
		{AD2A4430-E20F-4E66-A19E-0529222972E6}.Debug|Any CPU.ActiveCfg = Debug|Any CPU
		{AD2A4430-E20F-4E66-A19E-0529222972E6}.Debug|Any CPU.Build.0 = Debug|Any CPU
		{AD2A4430-E20F-4E66-A19E-0529222972E6}.Release|Any CPU.ActiveCfg = Release|Any CPU
		{AD2A4430-E20F-4E66-A19E-0529222972E6}.Release|Any CPU.Build.0 = Release|Any CPU
		{1814E1C0-3657-4256-BEA9-5BCA050E0DCB}.Debug|Any CPU.ActiveCfg = Debug|Any CPU
		{1814E1C0-3657-4256-BEA9-5BCA050E0DCB}.Debug|Any CPU.Build.0 = Debug|Any CPU
		{1814E1C0-3657-4256-BEA9-5BCA050E0DCB}.Release|Any CPU.ActiveCfg = Release|Any CPU
		{1814E1C0-3657-4256-BEA9-5BCA050E0DCB}.Release|Any CPU.Build.0 = Release|Any CPU
		{186496CB-DA23-41F0-9BA1-6C130052F8E4}.Debug|Any CPU.ActiveCfg = Debug|Any CPU
		{186496CB-DA23-41F0-9BA1-6C130052F8E4}.Debug|Any CPU.Build.0 = Debug|Any CPU
		{186496CB-DA23-41F0-9BA1-6C130052F8E4}.Release|Any CPU.ActiveCfg = Release|Any CPU
		{186496CB-DA23-41F0-9BA1-6C130052F8E4}.Release|Any CPU.Build.0 = Release|Any CPU
		{4B79DBEA-8368-4590-96DF-A4C96453A3E4}.Debug|Any CPU.ActiveCfg = Debug|Any CPU
		{4B79DBEA-8368-4590-96DF-A4C96453A3E4}.Debug|Any CPU.Build.0 = Debug|Any CPU
		{4B79DBEA-8368-4590-96DF-A4C96453A3E4}.Release|Any CPU.ActiveCfg = Release|Any CPU
		{4B79DBEA-8368-4590-96DF-A4C96453A3E4}.Release|Any CPU.Build.0 = Release|Any CPU
		{2F8CC047-6E05-499E-87C7-49BA192667BF}.Debug|Any CPU.ActiveCfg = Debug
		{2F8CC047-6E05-499E-87C7-49BA192667BF}.Release|Any CPU.ActiveCfg = Release
	EndGlobalSection
	GlobalSection(SolutionProperties) = preSolution
		HideSolutionNode = FALSE
	EndGlobalSection
	GlobalSection(ExtensibilityGlobals) = postSolution
		SolutionGuid = {CF1451E0-F350-435B-9E31-B04EA04BDBCA}
	EndGlobalSection
EndGlobal
